# Generated by buf. DO NOT EDIT.
version: v1
deps:
  - remote: buf.build
    owner: fiap-tech-challenge
    repository: cardapio
    commit: f0a6fdacfed04222b274cddf7c574ca3
    digest: shake256:0500cead8fd75c471a83376631ee0419487db86c38db850f4773893406832f59aaeff0b816d9492fa2baab1e8d618546886de8dc7203e3a86a0855acf98ad813
  - remote: buf.build
    owner: fiap-tech-challenge
    repository: cliente
    commit: 08d66fe681b34f638ecdc63fc22079b7
    digest: shake256:4da59337d094b2f95b9d0b4416503257cdd05c61b7112fd26f702fa0c897e6865980752637c493a82c9eba0a3445adbe909dbf58fe77b8a8a098961eb8c35b5f
  - remote: buf.build
    owner: protocolbuffers
    repository: wellknowntypes
    commit: f17e05fe4a764a3482b8e033daec742e
    digest: shake256:886495c560d96bc48bef49e17e3d33430fa1f6c735b0cee40ef83161824b01c2d2f342d81ca02aadeed52aa3cf4a8273d5ab9584fbb595b71e7e44240caedb00
