# Generated by buf. DO NOT EDIT.
version: v1
deps:
  - remote: buf.build
    owner: fiap-tech-challenge
    repository: cliente
    commit: 2b3df9253f9045729ec00456cd9153f4
    digest: shake256:99c7c00771745c8d091c1cc675d57e5ccff27a01f46a7a1577c42150ad4f033b5a6130b1e79dc00caf04ea3db2af2a14134be264453ea47b17a50c85010a3761
