# Generated by buf. DO NOT EDIT.
version: v1
deps:
  - remote: buf.build
    owner: fiap-tech-challenge
    repository: cliente
    commit: 2b3df9253f9045729ec00456cd9153f4
    digest: shake256:99c7c00771745c8d091c1cc675d57e5ccff27a01f46a7a1577c42150ad4f033b5a6130b1e79dc00caf04ea3db2af2a14134be264453ea47b17a50c85010a3761
  - remote: buf.build
    owner: fiap-tech-challenge
    repository: pedido
    commit: 97daf576e52d49f6b53f4e398d3e2ad9
    digest: shake256:669168053cbc811ade6862d4a16a7226c59a9a6eea898af2da30ffb3011cf544102508cb422d025213e63fbcde1e5cf09ae83a461bfb5f218841fe8fc241464d
