# Generated by buf. DO NOT EDIT.
version: v1
deps:
  - remote: buf.build
    owner: fiap-tech-challenge
    repository: cliente
    commit: 08d66fe681b34f638ecdc63fc22079b7
    digest: shake256:4da59337d094b2f95b9d0b4416503257cdd05c61b7112fd26f702fa0c897e6865980752637c493a82c9eba0a3445adbe909dbf58fe77b8a8a098961eb8c35b5f
